
Microsoft Visual Studio Solution File, Format Version 12.00
# Visual Studio Version 17
VisualStudioVersion = 17.10.35013.160
MinimumVisualStudioVersion = 10.0.40219.1
Project("{FAE04EC0-301F-11D3-BF4B-00C04F79EFBC}") = "FNModLauncher", "FNModLauncher\FNModLauncher.csproj", "{879578D0-5DFA-4E1E-95F7-EA48C79815DB}"
EndProject
Global
	GlobalSection(SolutionConfigurationPlatforms) = preSolution
		Debug|Any CPU = Debug|Any CPU
		Debug|x64 = Debug|x64
		Release|Any CPU = Release|Any CPU
		Release|x64 = Release|x64
	EndGlobalSection
	GlobalSection(ProjectConfigurationPlatforms) = postSolution
		{879578D0-5DFA-4E1E-95F7-EA48C79815DB}.Debug|Any CPU.ActiveCfg = Debug|Any CPU
		{879578D0-5DFA-4E1E-95F7-EA48C79815DB}.Debug|Any CPU.Build.0 = Debug|Any CPU
		{879578D0-5DFA-4E1E-95F7-EA48C79815DB}.Debug|x64.ActiveCfg = Debug|x64
		{879578D0-5DFA-4E1E-95F7-EA48C79815DB}.Debug|x64.Build.0 = Debug|x64
		{879578D0-5DFA-4E1E-95F7-EA48C79815DB}.Release|Any CPU.ActiveCfg = Release|Any CPU
		{879578D0-5DFA-4E1E-95F7-EA48C79815DB}.Release|Any CPU.Build.0 = Release|Any CPU
		{879578D0-5DFA-4E1E-95F7-EA48C79815DB}.Release|x64.ActiveCfg = Release|x64
		{879578D0-5DFA-4E1E-95F7-EA48C79815DB}.Release|x64.Build.0 = Release|x64
	EndGlobalSection
	GlobalSection(SolutionProperties) = preSolution
		HideSolutionNode = FALSE
	EndGlobalSection
	GlobalSection(ExtensibilityGlobals) = postSolution
		SolutionGuid = {0CD1CBD2-A24B-467A-A5E9-AEA28E375526}
	EndGlobalSection
EndGlobal
